Microsoft Visual Studio Solution File, Format Version 12.00
# Visual Studio Version 17
VisualStudioVersion = 17.5.2.0
MinimumVisualStudioVersion = 10.0.40219.1
Project("{FAE04EC0-301F-11D3-BF4B-00C04F79EFBC}") = "Parte2", "Parte2.csproj", "{A1516CD8-4298-3B71-B76B-825B6560E56D}"
EndProject
Global
	GlobalSection(SolutionConfigurationPlatforms) = preSolution
		Debug|Any CPU = Debug|Any CPU
		Release|Any CPU = Release|Any CPU
	EndGlobalSection
	GlobalSection(ProjectConfigurationPlatforms) = postSolution
		{A1516CD8-4298-3B71-B76B-825B6560E56D}.Debug|Any CPU.ActiveCfg = Debug|Any CPU
		{A1516CD8-4298-3B71-B76B-825B6560E56D}.Debug|Any CPU.Build.0 = Debug|Any CPU
		{A1516CD8-4298-3B71-B76B-825B6560E56D}.Release|Any CPU.ActiveCfg = Release|Any CPU
		{A1516CD8-4298-3B71-B76B-825B6560E56D}.Release|Any CPU.Build.0 = Release|Any CPU
	EndGlobalSection
	GlobalSection(SolutionProperties) = preSolution
		HideSolutionNode = FALSE
	EndGlobalSection
	GlobalSection(ExtensibilityGlobals) = postSolution
		SolutionGuid = {F4EE6683-DAC6-42B0-A9B6-211BA9ED867A}
	EndGlobalSection
EndGlobal
